
Microsoft Visual Studio Solution File, Format Version 12.00
# Visual Studio Version 16
VisualStudioVersion = 16.0.31702.278
MinimumVisualStudioVersion = 10.0.40219.1
Project("{FAE04EC0-301F-11D3-BF4B-00C04F79EFBC}") = "linq_console", "linq_console.csproj", "{9B2AF20B-2786-4AE2-9FF4-32E1497BD116}"
EndProject
Global
	GlobalSection(SolutionConfigurationPlatforms) = preSolution
		Debug|Any CPU = Debug|Any CPU
		Release|Any CPU = Release|Any CPU
	EndGlobalSection
	GlobalSection(ProjectConfigurationPlatforms) = postSolution
		{9B2AF20B-2786-4AE2-9FF4-32E1497BD116}.Debug|Any CPU.ActiveCfg = Debug|Any CPU
		{9B2AF20B-2786-4AE2-9FF4-32E1497BD116}.Debug|Any CPU.Build.0 = Debug|Any CPU
		{9B2AF20B-2786-4AE2-9FF4-32E1497BD116}.Release|Any CPU.ActiveCfg = Release|Any CPU
		{9B2AF20B-2786-4AE2-9FF4-32E1497BD116}.Release|Any CPU.Build.0 = Release|Any CPU
	EndGlobalSection
	GlobalSection(SolutionProperties) = preSolution
		HideSolutionNode = FALSE
	EndGlobalSection
	GlobalSection(ExtensibilityGlobals) = postSolution
		SolutionGuid = {EED8E4CF-1715-4856-9073-9EC8911A5D63}
	EndGlobalSection
EndGlobal
